lockfile_version: '1'
generated_at: '2026-06-25T14:02:59.093729+00:00'
apm_version: 0.14.2
dependencies:
- repo_url: Netcracker/qubership-apihub-ddlapi
  host: github.com
  resolved_commit: 0c1ccdc584eb830a71ba745625b21dcd717941e7
  resolved_ref: feature/ddl
  virtual_path: agent-packages/ddlapi-using
  is_virtual: true
  package_type: apm_package
  deployed_files:
  - .agents/skills/ddlapi-using
  - .claude/rules/ddlapi-using.md
  - .claude/skills/ddlapi-using
  - .cursor/rules/ddlapi-using.mdc
  - .github/instructions/ddlapi-using.instructions.md
  deployed_file_hashes:
    .claude/rules/ddlapi-using.md: sha256:339a7086fb5cfd6df1374345ff577321f96197deb217d482fd9f36f4f9021584
    .cursor/rules/ddlapi-using.mdc: sha256:90554d14dcea6999074084c82cdabe92c9049452d6291ecc1570344c630a64f7
    .github/instructions/ddlapi-using.instructions.md: sha256:409de3eff5720d9a91fb2e867cde7bd2718b74f8bd1218cd70bfaff07d929856
  content_hash: sha256:5afb82a74e4c5ada0cba2feb52e56635a02d595bfce092dddf0a122f9d509abf
- repo_url: _local/api-diff-authoring
  package_type: apm_package
  deployed_files:
  - .agents/skills/api-diff-authoring
  - .agents/skills/api-diff-testing
  - .claude/rules/api-diff-authoring.md
  - .claude/rules/api-diff-testing.md
  - .claude/skills/api-diff-authoring
  - .claude/skills/api-diff-testing
  - .cursor/rules/api-diff-authoring.mdc
  - .cursor/rules/api-diff-testing.mdc
  - .github/instructions/api-diff-authoring.instructions.md
  - .github/instructions/api-diff-testing.instructions.md
  deployed_file_hashes:
    .claude/rules/api-diff-authoring.md: sha256:6744732d0e4e52dcffc800c3188ea89747b59a54c897599d87c1fefaec55861c
    .claude/rules/api-diff-testing.md: sha256:536d7f01b44d3f0f8359173fda06bd3ed888bfecd5466982d68980356bd21cd1
    .cursor/rules/api-diff-authoring.mdc: sha256:63624f09ed593c909daeb7ef414196e4a261fd195490d441217f56123236ad50
    .cursor/rules/api-diff-testing.mdc: sha256:795376bd75afbbbc4ad44f849caf172a6db1feb2ea344b002af8955179b841e5
    .github/instructions/api-diff-authoring.instructions.md: sha256:131cbb7f5e3d7305ac351689df1991966e840e54f770af6ba48de8496688372a
    .github/instructions/api-diff-testing.instructions.md: sha256:3f83cfa32e59d0d7f427361c784e937b3de543e5a74e13db4fedf574f3907da2
  source: local
  local_path: ./agent-packages/api-diff-authoring
